<?xml version="1.0" encoding="utf-8"?>
<Project ToolsVersion="4.0" xmlns="http://schemas.microsoft.com/developer/msbuild/2003">
  <ItemGroup>
    <Filter Include="Source Files">
      <UniqueIdentifier>{4FC737F1-C7A5-4376-A066-2A32D752A2FF}</UniqueIdentifier>
      <Extensions>cpp;c;cxx;def;odl;idl;hpj;bat;asm;asmx</Extensions>
    </Filter>
    <Filter Include="Header Files">
      <UniqueIdentifier>{93995380-89BD-4b04-88EB-625FBE52EBFB}</UniqueIdentifier>
      <Extensions>h;hpp;hxx;hm;inl;inc;xsd</Extensions>
    </Filter>
    <Filter Include="Header Files\interface">
      <UniqueIdentifier>{090e5c78-912c-4613-a846-6cdb4ea271df}</UniqueIdentifier>
    </Filter>
  </ItemGroup>
  <ItemGroup>
    <ClCompile Include="CGUI_Impl.cpp">
      <Filter>Source Files</Filter>
    </ClCompile>
    <ClCompile Include="CGUIButton_Impl.cpp">
      <Filter>Source Files</Filter>
    </ClCompile>
    <ClCompile Include="CGUICheckBox_Impl.cpp">
      <Filter>Source Files</Filter>
    </ClCompile>
    <ClCompile Include="CGUIComboBox_Impl.cpp">
      <Filter>Source Files</Filter>
    </ClCompile>
    <ClCompile Include="CGUIEdit_Impl.cpp">
      <Filter>Source Files</Filter>
    </ClCompile>
    <ClCompile Include="CGUIElement_Impl.cpp">
      <Filter>Source Files</Filter>
    </ClCompile>
    <ClCompile Include="CGUIFont_Impl.cpp">
      <Filter>Source Files</Filter>
    </ClCompile>
    <ClCompile Include="CGUIGridList_Impl.cpp">
      <Filter>Source Files</Filter>
    </ClCompile>
    <ClCompile Include="CGUILabel_Impl.cpp">
      <Filter>Source Files</Filter>
    </ClCompile>
    <ClCompile Include="CGUIListItem_Impl.cpp">
      <Filter>Source Files</Filter>
    </ClCompile>
    <ClCompile Include="CGUIMemo_Impl.cpp">
      <Filter>Source Files</Filter>
    </ClCompile>
    <ClCompile Include="CGUIMessageBox_Impl.cpp">
      <Filter>Source Files</Filter>
    </ClCompile>
    <ClCompile Include="CGUIProgressBar_Impl.cpp">
      <Filter>Source Files</Filter>
    </ClCompile>
    <ClCompile Include="CGUIRadioButton_Impl.cpp">
      <Filter>Source Files</Filter>
    </ClCompile>
    <ClCompile Include="CGUIScrollBar_Impl.cpp">
      <Filter>Source Files</Filter>
    </ClCompile>
    <ClCompile Include="CGUIScrollPane_Impl.cpp">
      <Filter>Source Files</Filter>
    </ClCompile>
    <ClCompile Include="CGUIStaticImage_Impl.cpp">
      <Filter>Source Files</Filter>
    </ClCompile>
    <ClCompile Include="CGUITab_Impl.cpp">
      <Filter>Source Files</Filter>
    </ClCompile>
    <ClCompile Include="CGUITabList.cpp">
      <Filter>Source Files</Filter>
    </ClCompile>
    <ClCompile Include="CGUITabPanel_Impl.cpp">
      <Filter>Source Files</Filter>
    </ClCompile>
    <ClCompile Include="CGUITexture_Impl.cpp">
      <Filter>Source Files</Filter>
    </ClCompile>
    <ClCompile Include="CGUIWindow_Impl.cpp">
      <Filter>Source Files</Filter>
    </ClCompile>
    <ClCompile Include="Main.cpp">
      <Filter>Source Files</Filter>
    </ClCompile>
    <ClCompile Include="StdInc.cpp">
      <Filter>Source Files</Filter>
    </ClCompile>
  </ItemGroup>
  <ItemGroup>
    <ClInclude Include="CGUI_Impl.h">
      <Filter>Header Files</Filter>
    </ClInclude>
    <ClInclude Include="CGUIButton_Impl.h">
      <Filter>Header Files</Filter>
    </ClInclude>
    <ClInclude Include="CGUICheckBox_Impl.h">
      <Filter>Header Files</Filter>
    </ClInclude>
    <ClInclude Include="CGUIComboBox_Impl.h">
      <Filter>Header Files</Filter>
    </ClInclude>
    <ClInclude Include="CGUIEdit_Impl.h">
      <Filter>Header Files</Filter>
    </ClInclude>
    <ClInclude Include="CGUIElement_Impl.h">
      <Filter>Header Files</Filter>
    </ClInclude>
    <ClInclude Include="CGUIElement_Inc.h">
      <Filter>Header Files</Filter>
    </ClInclude>
    <ClInclude Include="CGUIFont_Impl.h">
      <Filter>Header Files</Filter>
    </ClInclude>
    <ClInclude Include="CGUIGridList_Impl.h">
      <Filter>Header Files</Filter>
    </ClInclude>
    <ClInclude Include="CGUILabel_Impl.h">
      <Filter>Header Files</Filter>
    </ClInclude>
    <ClInclude Include="CGUIListItem_Impl.h">
      <Filter>Header Files</Filter>
    </ClInclude>
    <ClInclude Include="CGUIMemo_Impl.h">
      <Filter>Header Files</Filter>
    </ClInclude>
    <ClInclude Include="CGUIMessageBox_Impl.h">
      <Filter>Header Files</Filter>
    </ClInclude>
    <ClInclude Include="CGUIProgressBar_Impl.h">
      <Filter>Header Files</Filter>
    </ClInclude>
    <ClInclude Include="CGUIRadioButton_Impl.h">
      <Filter>Header Files</Filter>
    </ClInclude>
    <ClInclude Include="CGUIScrollBar_Impl.h">
      <Filter>Header Files</Filter>
    </ClInclude>
    <ClInclude Include="CGUIScrollPane_Impl.h">
      <Filter>Header Files</Filter>
    </ClInclude>
    <ClInclude Include="CGUIStaticImage_Impl.h">
      <Filter>Header Files</Filter>
    </ClInclude>
    <ClInclude Include="CGUITab_Impl.h">
      <Filter>Header Files</Filter>
    </ClInclude>
    <ClInclude Include="CGUITabList.h">
      <Filter>Header Files</Filter>
    </ClInclude>
    <ClInclude Include="CGUITabPanel_Impl.h">
      <Filter>Header Files</Filter>
    </ClInclude>
    <ClInclude Include="CGUITexture_Impl.h">
      <Filter>Header Files</Filter>
    </ClInclude>
    <ClInclude Include="CGUIWindow_Impl.h">
      <Filter>Header Files</Filter>
    </ClInclude>
    <ClInclude Include="StdInc.h">
      <Filter>Header Files</Filter>
    </ClInclude>
    <ClInclude Include="..\sdk\gui\CGUI.h">
      <Filter>Header Files\interface</Filter>
    </ClInclude>
    <ClInclude Include="..\sdk\gui\CGUIButton.h">
      <Filter>Header Files\interface</Filter>
    </ClInclude>
    <ClInclude Include="..\sdk\gui\CGUICallback.h">
      <Filter>Header Files\interface</Filter>
    </ClInclude>
    <ClInclude Include="..\sdk\gui\CGUICheckBox.h">
      <Filter>Header Files\interface</Filter>
    </ClInclude>
    <ClInclude Include="..\sdk\gui\CGUIComboBox.h">
      <Filter>Header Files\interface</Filter>
    </ClInclude>
    <ClInclude Include="..\sdk\gui\CGUIEdit.h">
      <Filter>Header Files\interface</Filter>
    </ClInclude>
    <ClInclude Include="..\sdk\gui\CGUIElement.h">
      <Filter>Header Files\interface</Filter>
    </ClInclude>
    <ClInclude Include="..\sdk\gui\CGUIEvent.h">
      <Filter>Header Files\interface</Filter>
    </ClInclude>
    <ClInclude Include="..\sdk\gui\CGUIFont.h">
      <Filter>Header Files\interface</Filter>
    </ClInclude>
    <ClInclude Include="..\sdk\gui\CGUIGridList.h">
      <Filter>Header Files\interface</Filter>
    </ClInclude>
    <ClInclude Include="..\sdk\gui\CGUILabel.h">
      <Filter>Header Files\interface</Filter>
    </ClInclude>
    <ClInclude Include="..\sdk\gui\CGUIListItem.h">
      <Filter>Header Files\interface</Filter>
    </ClInclude>
    <ClInclude Include="..\sdk\gui\CGUIMemo.h">
      <Filter>Header Files\interface</Filter>
    </ClInclude>
    <ClInclude Include="..\sdk\gui\CGUIMessageBox.h">
      <Filter>Header Files\interface</Filter>
    </ClInclude>
    <ClInclude Include="..\sdk\gui\CGUIProgressBar.h">
      <Filter>Header Files\interface</Filter>
    </ClInclude>
    <ClInclude Include="..\sdk\gui\CGUIRadioButton.h">
      <Filter>Header Files\interface</Filter>
    </ClInclude>
    <ClInclude Include="..\sdk\gui\CGUIScrollBar.h">
      <Filter>Header Files\interface</Filter>
    </ClInclude>
    <ClInclude Include="..\sdk\gui\CGUIScrollPane.h">
      <Filter>Header Files\interface</Filter>
    </ClInclude>
    <ClInclude Include="..\sdk\gui\CGUISize.h">
      <Filter>Header Files\interface</Filter>
    </ClInclude>
    <ClInclude Include="..\sdk\gui\CGUIStaticImage.h">
      <Filter>Header Files\interface</Filter>
    </ClInclude>
    <ClInclude Include="..\sdk\gui\CGUITab.h">
      <Filter>Header Files\interface</Filter>
    </ClInclude>
    <ClInclude Include="CGUITabListItem.h">
      <Filter>Header Files\interface</Filter>
    </ClInclude>
    <ClInclude Include="..\sdk\gui\CGUITabPanel.h">
      <Filter>Header Files\interface</Filter>
    </ClInclude>
    <ClInclude Include="..\sdk\gui\CGUITexture.h">
      <Filter>Header Files\interface</Filter>
    </ClInclude>
    <ClInclude Include="..\sdk\gui\CGUITypes.h">
      <Filter>Header Files\interface</Filter>
    </ClInclude>
    <ClInclude Include="..\sdk\gui\CGUIWindow.h">
      <Filter>Header Files\interface</Filter>
    </ClInclude>
  </ItemGroup>
</Project>