Microsoft Visual Studio Solution File, Format Version 10.00
# Visual Studio 2008
Project("{8BC9CEB8-8B4A-11D0-8D11-00A0C91BC942}") = "ml_base", "ml_base.vcproj", "{132A627F-058D-46F8-BCBB-63B6C8D2CC1A}"
EndProject
Global
	GlobalSection(SolutionConfigurationPlatforms) = preSolution
		Debug|Win32 = Debug|Win32
		Release|Win32 = Release|Win32
	EndGlobalSection
	GlobalSection(ProjectConfigurationPlatforms) = postSolution
		{132A627F-058D-46F8-BCBB-63B6C8D2CC1A}.Debug|Win32.ActiveCfg = Debug|Win32
		{132A627F-058D-46F8-BCBB-63B6C8D2CC1A}.Debug|Win32.Build.0 = Debug|Win32
		{132A627F-058D-46F8-BCBB-63B6C8D2CC1A}.Release|Win32.ActiveCfg = Release|Win32
		{132A627F-058D-46F8-BCBB-63B6C8D2CC1A}.Release|Win32.Build.0 = Release|Win32
	EndGlobalSection
	GlobalSection(SolutionProperties) = preSolution
		HideSolutionNode = FALSE
	EndGlobalSection
EndGlobal
