Microsoft Visual Studio Solution File, Format Version 10.00
# Visual Studio 2008
Project("{8BC9CEB8-8B4A-11D0-8D11-00A0C91BC942}") = "Client - Core", "..\MTA10\core\_Core 2008.vcproj", "{4C71249E-EA08-4A3D-9AEF-28707ACC6531}"
	ProjectSection(ProjectDependencies) = postProject
		{0008960E-E0DD-41A6-8265-00B31DDB4C21} = {0008960E-E0DD-41A6-8265-00B31DDB4C21}
		{CCABBC2E-172D-46FD-BC43-5A9FCD295112} = {CCABBC2E-172D-46FD-BC43-5A9FCD295112}
		{5997CB54-C80C-4422-89AA-81B6ADFA7F86} = {5997CB54-C80C-4422-89AA-81B6ADFA7F86}
	EndProjectSection
EndProject
Project("{8BC9CEB8-8B4A-11D0-8D11-00A0C91BC942}") = "Client - Game SA", "..\MTA10\game_sa\_game_sa 2008.vcproj", "{E13D1441-438B-4A03-AB79-5E8EF08EE414}"
	ProjectSection(ProjectDependencies) = postProject
		{916D94E2-FB0B-4992-A52C-3698CCBB0A41} = {916D94E2-FB0B-4992-A52C-3698CCBB0A41}
	EndProjectSection
EndProject
Project("{8BC9CEB8-8B4A-11D0-8D11-00A0C91BC942}") = "Client - Loader", "..\MTA10\loader\_Loader 2008.vcproj", "{AF2AF376-1ACD-4F3B-B399-2A30D8BE950E}"
	ProjectSection(ProjectDependencies) = postProject
		{E815C46C-36C4-499F-BBC2-E772C6B17971} = {E815C46C-36C4-499F-BBC2-E772C6B17971}
	EndProjectSection
EndProject
Project("{8BC9CEB8-8B4A-11D0-8D11-00A0C91BC942}") = "Client - Multiplayer SA", "..\MTA10\multiplayer_sa\_Multiplayer SA 2008.vcproj", "{916D94E2-FB0B-4992-A52C-3698CCBB0A41}"
EndProject
Project("{8BC9CEB8-8B4A-11D0-8D11-00A0C91BC942}") = "Server - Core", "..\MTA10_Server\core\_ServerCore 2008.vcproj", "{0550C84E-8AC6-4C44-9686-241B0BB4BD7D}"
EndProject
Project("{8BC9CEB8-8B4A-11D0-8D11-00A0C91BC942}") = "Client - GUI", "..\MTA10\gui\gui 2008.vcproj", "{485149E1-799C-4925-AA17-0FEA77C85418}"
	ProjectSection(ProjectDependencies) = postProject
		{7582B608-D92F-4FCB-B682-2214B48D1596} = {7582B608-D92F-4FCB-B682-2214B48D1596}
		{04E4A944-225A-4BFB-B7B5-F23AEE884989} = {04E4A944-225A-4BFB-B7B5-F23AEE884989}
		{232B1F48-87C1-4EF9-98A2-CF675BAC7A54} = {232B1F48-87C1-4EF9-98A2-CF675BAC7A54}
	EndProjectSection
EndProject
Project("{8BC9CEB8-8B4A-11D0-8D11-00A0C91BC942}") = "Client - Deathmatch", "..\MTA10\mods\deathmatch\_Deathmatch 2008.vcproj", "{F661CA1A-A296-4505-9583-3BEC58FB79C5}"
	ProjectSection(ProjectDependencies) = postProject
		{CCABBC2E-172D-46FD-BC43-5A9FCD295112} = {CCABBC2E-172D-46FD-BC43-5A9FCD295112}
		{8EEECEE6-A6EC-BC48-8E76-22B87825444B} = {8EEECEE6-A6EC-BC48-8E76-22B87825444B}
	EndProjectSection
EndProject
Project("{8BC9CEB8-8B4A-11D0-8D11-00A0C91BC942}") = "Server - Deathmatch", "..\MTA10_Server\mods\deathmatch\_ServerDeathmatch 2008.vcproj", "{DC99F9D4-7C17-4A36-9F21-CEE075E42292}"
	ProjectSection(ProjectDependencies) = postProject
		{CCABBC2E-172D-46FD-BC43-5A9FCD295112} = {CCABBC2E-172D-46FD-BC43-5A9FCD295112}
		{71C9B848-4138-4D4A-B131-1A42E7AC66B6} = {71C9B848-4138-4D4A-B131-1A42E7AC66B6}
		{35DC1C50-0CDF-4F3A-B847-2D76DE134053} = {35DC1C50-0CDF-4F3A-B847-2D76DE134053}
		{ECC4BA90-6AA5-4630-AEA9-F923FB633C7D} = {ECC4BA90-6AA5-4630-AEA9-F923FB633C7D}
		{39452ACC-FF12-488D-94B6-301B4EFBB606} = {39452ACC-FF12-488D-94B6-301B4EFBB606}
		{38D753E1-5341-42E1-94AD-B2C503F1FC37} = {38D753E1-5341-42E1-94AD-B2C503F1FC37}
		{8EEECEE6-A6EC-BC48-8E76-22B87825444B} = {8EEECEE6-A6EC-BC48-8E76-22B87825444B}
	EndProjectSection
EndProject
Project("{8BC9CEB8-8B4A-11D0-8D11-00A0C91BC942}") = "Server - Launcher", "..\MTA10_Server\launcher\_launcher 2008.vcproj", "{0EAA9107-413A-47C4-B6E7-41B10208FBA1}"
EndProject
Project("{8BC9CEB8-8B4A-11D0-8D11-00A0C91BC942}") = "Shared - XML Module", "XML\_XML 2008.vcproj", "{E28A87BB-7417-4DD7-ADF4-88F918CF055C}"
EndProject
Project("{2150E333-8FDC-42A3-9474-1A3956D46DE8}") = "CEGUI", "CEGUI", "{4C0157CE-9DD9-4729-8CDF-F5B9D2D71D2B}"
EndProject
Project("{8BC9CEB8-8B4A-11D0-8D11-00A0C91BC942}") = "CEGUI - Base", "..\vendor\cegui-0.4.0-custom\makefiles\win32\VC++7.1\BaseSystem\BaseSystem 2008.vcproj", "{232B1F48-87C1-4EF9-98A2-CF675BAC7A54}"
EndProject
Project("{8BC9CEB8-8B4A-11D0-8D11-00A0C91BC942}") = "CEGUI - DirectX9GUIRenderer", "..\vendor\cegui-0.4.0-custom\makefiles\win32\VC++7.1\Renderers\DirectX9Renderer\DirectX9GUIRenderer 2008.vcproj", "{7582B608-D92F-4FCB-B682-2214B48D1596}"
	ProjectSection(ProjectDependencies) = postProject
		{232B1F48-87C1-4EF9-98A2-CF675BAC7A54} = {232B1F48-87C1-4EF9-98A2-CF675BAC7A54}
	EndProjectSection
EndProject
Project("{8BC9CEB8-8B4A-11D0-8D11-00A0C91BC942}") = "CEGUI - FalagardBase", "..\vendor\cegui-0.4.0-custom\makefiles\win32\VC++7.1\WidgetSets\Falagard\Falagard 2008.vcproj", "{04E4A944-225A-4BFB-B7B5-F23AEE884989}"
	ProjectSection(ProjectDependencies) = postProject
		{232B1F48-87C1-4EF9-98A2-CF675BAC7A54} = {232B1F48-87C1-4EF9-98A2-CF675BAC7A54}
	EndProjectSection
EndProject
Project("{2150E333-8FDC-42A3-9474-1A3956D46DE8}") = "Dependencies", "Dependencies", "{F99764D6-7D93-4557-8474-EA06D4BD3801}"
EndProject
Project("{8BC9CEB8-8B4A-11D0-8D11-00A0C91BC942}") = "zlib", "..\vendor\zlib\zlib 2008.vcproj", "{CCABBC2E-172D-46FD-BC43-5A9FCD295112}"
EndProject
Project("{8BC9CEB8-8B4A-11D0-8D11-00A0C91BC942}") = "pcre", "..\vendor\pcre\pcre 2008.vcproj", "{39452ACC-FF12-488D-94B6-301B4EFBB606}"
EndProject
Project("{8BC9CEB8-8B4A-11D0-8D11-00A0C91BC942}") = "libcurl", "..\vendor\curl\lib\libcurl 2008.vcproj", "{2B98A079-89D3-4970-B0C2-39996636BAE6}"
EndProject
Project("{8BC9CEB8-8B4A-11D0-8D11-00A0C91BC942}") = "ehs", "..\vendor\ehs\vs2008\ehs 2008.vcproj", "{ECC4BA90-6AA5-4630-AEA9-F923FB633C7D}"
EndProject
Project("{8BC9CEB8-8B4A-11D0-8D11-00A0C91BC942}") = "json", "..\vendor\json-c\json 2008.vcproj", "{38D753E1-5341-42E1-94AD-B2C503F1FC37}"
EndProject
Project("{8BC9CEB8-8B4A-11D0-8D11-00A0C91BC942}") = "libpng", "..\vendor\libpng\projects\vs2008\libpng.vcproj", "{0008960E-E0DD-41A6-8265-00B31DDB4C21}"
EndProject
Project("{8BC9CEB8-8B4A-11D0-8D11-00A0C91BC942}") = "lua5.1_dll", "..\vendor\lua\mak.vs2008\lua5.1_dll.vcproj", "{8EEECEE6-A6EC-BC48-8E76-22B87825444B}"
EndProject
Project("{8BC9CEB8-8B4A-11D0-8D11-00A0C91BC942}") = "pme", "..\vendor\pme\vs2008\pme 2008.vcproj", "{35DC1C50-0CDF-4F3A-B847-2D76DE134053}"
EndProject
Project("{8BC9CEB8-8B4A-11D0-8D11-00A0C91BC942}") = "sqlite", "..\vendor\sqlite\sqlite.vcproj", "{71C9B848-4138-4D4A-B131-1A42E7AC66B6}"
EndProject
Project("{8BC9CEB8-8B4A-11D0-8D11-00A0C91BC942}") = "Client - Launch", "..\MTA10\launch\_Launch 2008.vcproj", "{C9188AB9-F099-4370-85DC-876B3904B939}"
EndProject
Project("{8BC9CEB8-8B4A-11D0-8D11-00A0C91BC942}") = "Server - Dbconmy", "..\MTA10_Server\dbconmy\_ServerDbconmy 2008.vcproj", "{74BA3D0E-374F-419D-A313-977DFA863D2A}"
EndProject
Project("{8BC9CEB8-8B4A-11D0-8D11-00A0C91BC942}") = "jpeg", "..\vendor\jpeg\win32\jpeg_2008.vcproj", "{5997CB54-C80C-4422-89AA-81B6ADFA7F86}"
EndProject
Project("{8BC9CEB8-8B4A-11D0-8D11-00A0C91BC942}") = "UnRAR", "..\vendor\unrar\UnRARDll.vcproj", "{E815C46C-36C4-499F-BBC2-E772C6B17971}"
EndProject
Global
	GlobalSection(SolutionConfigurationPlatforms) = preSolution
		Debug|Win32 = Debug|Win32
		Nightly|Win32 = Nightly|Win32
		Release|Win32 = Release|Win32
	EndGlobalSection
	GlobalSection(ProjectConfigurationPlatforms) = postSolution
		{4C71249E-EA08-4A3D-9AEF-28707ACC6531}.Debug|Win32.ActiveCfg = Debug|Win32
		{4C71249E-EA08-4A3D-9AEF-28707ACC6531}.Debug|Win32.Build.0 = Debug|Win32
		{4C71249E-EA08-4A3D-9AEF-28707ACC6531}.Nightly|Win32.ActiveCfg = Nightly|Win32
		{4C71249E-EA08-4A3D-9AEF-28707ACC6531}.Nightly|Win32.Build.0 = Nightly|Win32
		{4C71249E-EA08-4A3D-9AEF-28707ACC6531}.Release|Win32.ActiveCfg = Release|Win32
		{4C71249E-EA08-4A3D-9AEF-28707ACC6531}.Release|Win32.Build.0 = Release|Win32
		{E13D1441-438B-4A03-AB79-5E8EF08EE414}.Debug|Win32.ActiveCfg = Debug|Win32
		{E13D1441-438B-4A03-AB79-5E8EF08EE414}.Debug|Win32.Build.0 = Debug|Win32
		{E13D1441-438B-4A03-AB79-5E8EF08EE414}.Nightly|Win32.ActiveCfg = Nightly|Win32
		{E13D1441-438B-4A03-AB79-5E8EF08EE414}.Nightly|Win32.Build.0 = Nightly|Win32
		{E13D1441-438B-4A03-AB79-5E8EF08EE414}.Release|Win32.ActiveCfg = Release|Win32
		{E13D1441-438B-4A03-AB79-5E8EF08EE414}.Release|Win32.Build.0 = Release|Win32
		{AF2AF376-1ACD-4F3B-B399-2A30D8BE950E}.Debug|Win32.ActiveCfg = Debug|Win32
		{AF2AF376-1ACD-4F3B-B399-2A30D8BE950E}.Debug|Win32.Build.0 = Debug|Win32
		{AF2AF376-1ACD-4F3B-B399-2A30D8BE950E}.Nightly|Win32.ActiveCfg = Nightly|Win32
		{AF2AF376-1ACD-4F3B-B399-2A30D8BE950E}.Nightly|Win32.Build.0 = Nightly|Win32
		{AF2AF376-1ACD-4F3B-B399-2A30D8BE950E}.Release|Win32.ActiveCfg = Release|Win32
		{AF2AF376-1ACD-4F3B-B399-2A30D8BE950E}.Release|Win32.Build.0 = Release|Win32
		{916D94E2-FB0B-4992-A52C-3698CCBB0A41}.Debug|Win32.ActiveCfg = Debug|Win32
		{916D94E2-FB0B-4992-A52C-3698CCBB0A41}.Debug|Win32.Build.0 = Debug|Win32
		{916D94E2-FB0B-4992-A52C-3698CCBB0A41}.Nightly|Win32.ActiveCfg = Nightly|Win32
		{916D94E2-FB0B-4992-A52C-3698CCBB0A41}.Nightly|Win32.Build.0 = Nightly|Win32
		{916D94E2-FB0B-4992-A52C-3698CCBB0A41}.Release|Win32.ActiveCfg = Release|Win32
		{916D94E2-FB0B-4992-A52C-3698CCBB0A41}.Release|Win32.Build.0 = Release|Win32
		{0550C84E-8AC6-4C44-9686-241B0BB4BD7D}.Debug|Win32.ActiveCfg = Debug|Win32
		{0550C84E-8AC6-4C44-9686-241B0BB4BD7D}.Debug|Win32.Build.0 = Debug|Win32
		{0550C84E-8AC6-4C44-9686-241B0BB4BD7D}.Nightly|Win32.ActiveCfg = Nightly|Win32
		{0550C84E-8AC6-4C44-9686-241B0BB4BD7D}.Nightly|Win32.Build.0 = Nightly|Win32
		{0550C84E-8AC6-4C44-9686-241B0BB4BD7D}.Release|Win32.ActiveCfg = Release|Win32
		{0550C84E-8AC6-4C44-9686-241B0BB4BD7D}.Release|Win32.Build.0 = Release|Win32
		{485149E1-799C-4925-AA17-0FEA77C85418}.Debug|Win32.ActiveCfg = Debug|Win32
		{485149E1-799C-4925-AA17-0FEA77C85418}.Debug|Win32.Build.0 = Debug|Win32
		{485149E1-799C-4925-AA17-0FEA77C85418}.Nightly|Win32.ActiveCfg = Nightly|Win32
		{485149E1-799C-4925-AA17-0FEA77C85418}.Nightly|Win32.Build.0 = Nightly|Win32
		{485149E1-799C-4925-AA17-0FEA77C85418}.Release|Win32.ActiveCfg = Release|Win32
		{485149E1-799C-4925-AA17-0FEA77C85418}.Release|Win32.Build.0 = Release|Win32
		{F661CA1A-A296-4505-9583-3BEC58FB79C5}.Debug|Win32.ActiveCfg = Debug|Win32
		{F661CA1A-A296-4505-9583-3BEC58FB79C5}.Debug|Win32.Build.0 = Debug|Win32
		{F661CA1A-A296-4505-9583-3BEC58FB79C5}.Nightly|Win32.ActiveCfg = Nightly|Win32
		{F661CA1A-A296-4505-9583-3BEC58FB79C5}.Nightly|Win32.Build.0 = Nightly|Win32
		{F661CA1A-A296-4505-9583-3BEC58FB79C5}.Release|Win32.ActiveCfg = Release|Win32
		{F661CA1A-A296-4505-9583-3BEC58FB79C5}.Release|Win32.Build.0 = Release|Win32
		{DC99F9D4-7C17-4A36-9F21-CEE075E42292}.Debug|Win32.ActiveCfg = Debug|Win32
		{DC99F9D4-7C17-4A36-9F21-CEE075E42292}.Debug|Win32.Build.0 = Debug|Win32
		{DC99F9D4-7C17-4A36-9F21-CEE075E42292}.Nightly|Win32.ActiveCfg = Nightly|Win32
		{DC99F9D4-7C17-4A36-9F21-CEE075E42292}.Nightly|Win32.Build.0 = Nightly|Win32
		{DC99F9D4-7C17-4A36-9F21-CEE075E42292}.Release|Win32.ActiveCfg = Release|Win32
		{DC99F9D4-7C17-4A36-9F21-CEE075E42292}.Release|Win32.Build.0 = Release|Win32
		{0EAA9107-413A-47C4-B6E7-41B10208FBA1}.Debug|Win32.ActiveCfg = Debug|Win32
		{0EAA9107-413A-47C4-B6E7-41B10208FBA1}.Debug|Win32.Build.0 = Debug|Win32
		{0EAA9107-413A-47C4-B6E7-41B10208FBA1}.Nightly|Win32.ActiveCfg = Nightly|Win32
		{0EAA9107-413A-47C4-B6E7-41B10208FBA1}.Nightly|Win32.Build.0 = Nightly|Win32
		{0EAA9107-413A-47C4-B6E7-41B10208FBA1}.Release|Win32.ActiveCfg = Release|Win32
		{0EAA9107-413A-47C4-B6E7-41B10208FBA1}.Release|Win32.Build.0 = Release|Win32
		{E28A87BB-7417-4DD7-ADF4-88F918CF055C}.Debug|Win32.ActiveCfg = Debug|Win32
		{E28A87BB-7417-4DD7-ADF4-88F918CF055C}.Debug|Win32.Build.0 = Debug|Win32
		{E28A87BB-7417-4DD7-ADF4-88F918CF055C}.Nightly|Win32.ActiveCfg = Nightly|Win32
		{E28A87BB-7417-4DD7-ADF4-88F918CF055C}.Nightly|Win32.Build.0 = Nightly|Win32
		{E28A87BB-7417-4DD7-ADF4-88F918CF055C}.Release|Win32.ActiveCfg = Release|Win32
		{E28A87BB-7417-4DD7-ADF4-88F918CF055C}.Release|Win32.Build.0 = Release|Win32
		{232B1F48-87C1-4EF9-98A2-CF675BAC7A54}.Debug|Win32.ActiveCfg = Debug|Win32
		{232B1F48-87C1-4EF9-98A2-CF675BAC7A54}.Debug|Win32.Build.0 = Debug|Win32
		{232B1F48-87C1-4EF9-98A2-CF675BAC7A54}.Nightly|Win32.ActiveCfg = Nightly|Win32
		{232B1F48-87C1-4EF9-98A2-CF675BAC7A54}.Nightly|Win32.Build.0 = Nightly|Win32
		{232B1F48-87C1-4EF9-98A2-CF675BAC7A54}.Release|Win32.ActiveCfg = Release|Win32
		{232B1F48-87C1-4EF9-98A2-CF675BAC7A54}.Release|Win32.Build.0 = Release|Win32
		{7582B608-D92F-4FCB-B682-2214B48D1596}.Debug|Win32.ActiveCfg = Debug|Win32
		{7582B608-D92F-4FCB-B682-2214B48D1596}.Debug|Win32.Build.0 = Debug|Win32
		{7582B608-D92F-4FCB-B682-2214B48D1596}.Nightly|Win32.ActiveCfg = Nightly|Win32
		{7582B608-D92F-4FCB-B682-2214B48D1596}.Nightly|Win32.Build.0 = Nightly|Win32
		{7582B608-D92F-4FCB-B682-2214B48D1596}.Release|Win32.ActiveCfg = Release|Win32
		{7582B608-D92F-4FCB-B682-2214B48D1596}.Release|Win32.Build.0 = Release|Win32
		{04E4A944-225A-4BFB-B7B5-F23AEE884989}.Debug|Win32.ActiveCfg = Debug|Win32
		{04E4A944-225A-4BFB-B7B5-F23AEE884989}.Debug|Win32.Build.0 = Debug|Win32
		{04E4A944-225A-4BFB-B7B5-F23AEE884989}.Nightly|Win32.ActiveCfg = Nightly|Win32
		{04E4A944-225A-4BFB-B7B5-F23AEE884989}.Nightly|Win32.Build.0 = Nightly|Win32
		{04E4A944-225A-4BFB-B7B5-F23AEE884989}.Release|Win32.ActiveCfg = Release|Win32
		{04E4A944-225A-4BFB-B7B5-F23AEE884989}.Release|Win32.Build.0 = Release|Win32
		{CCABBC2E-172D-46FD-BC43-5A9FCD295112}.Debug|Win32.ActiveCfg = Debug|Win32
		{CCABBC2E-172D-46FD-BC43-5A9FCD295112}.Debug|Win32.Build.0 = Debug|Win32
		{CCABBC2E-172D-46FD-BC43-5A9FCD295112}.Nightly|Win32.ActiveCfg = Nightly|Win32
		{CCABBC2E-172D-46FD-BC43-5A9FCD295112}.Nightly|Win32.Build.0 = Nightly|Win32
		{CCABBC2E-172D-46FD-BC43-5A9FCD295112}.Release|Win32.ActiveCfg = Release|Win32
		{CCABBC2E-172D-46FD-BC43-5A9FCD295112}.Release|Win32.Build.0 = Release|Win32
		{39452ACC-FF12-488D-94B6-301B4EFBB606}.Debug|Win32.ActiveCfg = Debug|Win32
		{39452ACC-FF12-488D-94B6-301B4EFBB606}.Debug|Win32.Build.0 = Debug|Win32
		{39452ACC-FF12-488D-94B6-301B4EFBB606}.Nightly|Win32.ActiveCfg = Nightly|Win32
		{39452ACC-FF12-488D-94B6-301B4EFBB606}.Nightly|Win32.Build.0 = Nightly|Win32
		{39452ACC-FF12-488D-94B6-301B4EFBB606}.Release|Win32.ActiveCfg = Release|Win32
		{39452ACC-FF12-488D-94B6-301B4EFBB606}.Release|Win32.Build.0 = Release|Win32
		{2B98A079-89D3-4970-B0C2-39996636BAE6}.Debug|Win32.ActiveCfg = Debug|Win32
		{2B98A079-89D3-4970-B0C2-39996636BAE6}.Debug|Win32.Build.0 = Debug|Win32
		{2B98A079-89D3-4970-B0C2-39996636BAE6}.Nightly|Win32.ActiveCfg = Nightly|Win32
		{2B98A079-89D3-4970-B0C2-39996636BAE6}.Nightly|Win32.Build.0 = Nightly|Win32
		{2B98A079-89D3-4970-B0C2-39996636BAE6}.Release|Win32.ActiveCfg = Release|Win32
		{2B98A079-89D3-4970-B0C2-39996636BAE6}.Release|Win32.Build.0 = Release|Win32
		{ECC4BA90-6AA5-4630-AEA9-F923FB633C7D}.Debug|Win32.ActiveCfg = Debug|Win32
		{ECC4BA90-6AA5-4630-AEA9-F923FB633C7D}.Debug|Win32.Build.0 = Debug|Win32
		{ECC4BA90-6AA5-4630-AEA9-F923FB633C7D}.Nightly|Win32.ActiveCfg = Nightly|Win32
		{ECC4BA90-6AA5-4630-AEA9-F923FB633C7D}.Nightly|Win32.Build.0 = Nightly|Win32
		{ECC4BA90-6AA5-4630-AEA9-F923FB633C7D}.Release|Win32.ActiveCfg = Release|Win32
		{ECC4BA90-6AA5-4630-AEA9-F923FB633C7D}.Release|Win32.Build.0 = Release|Win32
		{38D753E1-5341-42E1-94AD-B2C503F1FC37}.Debug|Win32.ActiveCfg = Debug|Win32
		{38D753E1-5341-42E1-94AD-B2C503F1FC37}.Debug|Win32.Build.0 = Debug|Win32
		{38D753E1-5341-42E1-94AD-B2C503F1FC37}.Nightly|Win32.ActiveCfg = Nightly|Win32
		{38D753E1-5341-42E1-94AD-B2C503F1FC37}.Nightly|Win32.Build.0 = Nightly|Win32
		{38D753E1-5341-42E1-94AD-B2C503F1FC37}.Release|Win32.ActiveCfg = Release|Win32
		{38D753E1-5341-42E1-94AD-B2C503F1FC37}.Release|Win32.Build.0 = Release|Win32
		{0008960E-E0DD-41A6-8265-00B31DDB4C21}.Debug|Win32.ActiveCfg = Debug|Win32
		{0008960E-E0DD-41A6-8265-00B31DDB4C21}.Debug|Win32.Build.0 = Debug|Win32
		{0008960E-E0DD-41A6-8265-00B31DDB4C21}.Nightly|Win32.ActiveCfg = Nightly|Win32
		{0008960E-E0DD-41A6-8265-00B31DDB4C21}.Nightly|Win32.Build.0 = Nightly|Win32
		{0008960E-E0DD-41A6-8265-00B31DDB4C21}.Release|Win32.ActiveCfg = Release|Win32
		{0008960E-E0DD-41A6-8265-00B31DDB4C21}.Release|Win32.Build.0 = Release|Win32
		{8EEECEE6-A6EC-BC48-8E76-22B87825444B}.Debug|Win32.ActiveCfg = Debug|Win32
		{8EEECEE6-A6EC-BC48-8E76-22B87825444B}.Debug|Win32.Build.0 = Debug|Win32
		{8EEECEE6-A6EC-BC48-8E76-22B87825444B}.Nightly|Win32.ActiveCfg = Nightly|Win32
		{8EEECEE6-A6EC-BC48-8E76-22B87825444B}.Nightly|Win32.Build.0 = Nightly|Win32
		{8EEECEE6-A6EC-BC48-8E76-22B87825444B}.Release|Win32.ActiveCfg = Release|Win32
		{8EEECEE6-A6EC-BC48-8E76-22B87825444B}.Release|Win32.Build.0 = Release|Win32
		{35DC1C50-0CDF-4F3A-B847-2D76DE134053}.Debug|Win32.ActiveCfg = Debug|Win32
		{35DC1C50-0CDF-4F3A-B847-2D76DE134053}.Debug|Win32.Build.0 = Debug|Win32
		{35DC1C50-0CDF-4F3A-B847-2D76DE134053}.Nightly|Win32.ActiveCfg = Nightly|Win32
		{35DC1C50-0CDF-4F3A-B847-2D76DE134053}.Nightly|Win32.Build.0 = Nightly|Win32
		{35DC1C50-0CDF-4F3A-B847-2D76DE134053}.Release|Win32.ActiveCfg = Release|Win32
		{35DC1C50-0CDF-4F3A-B847-2D76DE134053}.Release|Win32.Build.0 = Release|Win32
		{71C9B848-4138-4D4A-B131-1A42E7AC66B6}.Debug|Win32.ActiveCfg = Debug|Win32
		{71C9B848-4138-4D4A-B131-1A42E7AC66B6}.Debug|Win32.Build.0 = Debug|Win32
		{71C9B848-4138-4D4A-B131-1A42E7AC66B6}.Nightly|Win32.ActiveCfg = Nightly|Win32
		{71C9B848-4138-4D4A-B131-1A42E7AC66B6}.Nightly|Win32.Build.0 = Nightly|Win32
		{71C9B848-4138-4D4A-B131-1A42E7AC66B6}.Release|Win32.ActiveCfg = Release|Win32
		{71C9B848-4138-4D4A-B131-1A42E7AC66B6}.Release|Win32.Build.0 = Release|Win32
		{C9188AB9-F099-4370-85DC-876B3904B939}.Debug|Win32.ActiveCfg = Debug|Win32
		{C9188AB9-F099-4370-85DC-876B3904B939}.Debug|Win32.Build.0 = Debug|Win32
		{C9188AB9-F099-4370-85DC-876B3904B939}.Nightly|Win32.ActiveCfg = Nightly|Win32
		{C9188AB9-F099-4370-85DC-876B3904B939}.Nightly|Win32.Build.0 = Nightly|Win32
		{C9188AB9-F099-4370-85DC-876B3904B939}.Release|Win32.ActiveCfg = Release|Win32
		{C9188AB9-F099-4370-85DC-876B3904B939}.Release|Win32.Build.0 = Release|Win32
		{74BA3D0E-374F-419D-A313-977DFA863D2A}.Debug|Win32.ActiveCfg = Debug|Win32
		{74BA3D0E-374F-419D-A313-977DFA863D2A}.Debug|Win32.Build.0 = Debug|Win32
		{74BA3D0E-374F-419D-A313-977DFA863D2A}.Nightly|Win32.ActiveCfg = Nightly|Win32
		{74BA3D0E-374F-419D-A313-977DFA863D2A}.Nightly|Win32.Build.0 = Nightly|Win32
		{74BA3D0E-374F-419D-A313-977DFA863D2A}.Release|Win32.ActiveCfg = Release|Win32
		{74BA3D0E-374F-419D-A313-977DFA863D2A}.Release|Win32.Build.0 = Release|Win32
		{5997CB54-C80C-4422-89AA-81B6ADFA7F86}.Debug|Win32.ActiveCfg = Debug|Win32
		{5997CB54-C80C-4422-89AA-81B6ADFA7F86}.Debug|Win32.Build.0 = Debug|Win32
		{5997CB54-C80C-4422-89AA-81B6ADFA7F86}.Nightly|Win32.ActiveCfg = Nightly|Win32
		{5997CB54-C80C-4422-89AA-81B6ADFA7F86}.Nightly|Win32.Build.0 = Nightly|Win32
		{5997CB54-C80C-4422-89AA-81B6ADFA7F86}.Release|Win32.ActiveCfg = Release|Win32
		{5997CB54-C80C-4422-89AA-81B6ADFA7F86}.Release|Win32.Build.0 = Release|Win32
		{E815C46C-36C4-499F-BBC2-E772C6B17971}.Debug|Win32.ActiveCfg = Debug|Win32
		{E815C46C-36C4-499F-BBC2-E772C6B17971}.Debug|Win32.Build.0 = Debug|Win32
		{E815C46C-36C4-499F-BBC2-E772C6B17971}.Nightly|Win32.ActiveCfg = Nightly|Win32
		{E815C46C-36C4-499F-BBC2-E772C6B17971}.Nightly|Win32.Build.0 = Nightly|Win32
		{E815C46C-36C4-499F-BBC2-E772C6B17971}.Release|Win32.ActiveCfg = Release|Win32
		{E815C46C-36C4-499F-BBC2-E772C6B17971}.Release|Win32.Build.0 = Release|Win32
	EndGlobalSection
	GlobalSection(SolutionProperties) = preSolution
		HideSolutionNode = FALSE
	EndGlobalSection
	GlobalSection(NestedProjects) = preSolution
		{232B1F48-87C1-4EF9-98A2-CF675BAC7A54} = {4C0157CE-9DD9-4729-8CDF-F5B9D2D71D2B}
		{7582B608-D92F-4FCB-B682-2214B48D1596} = {4C0157CE-9DD9-4729-8CDF-F5B9D2D71D2B}
		{04E4A944-225A-4BFB-B7B5-F23AEE884989} = {4C0157CE-9DD9-4729-8CDF-F5B9D2D71D2B}
		{CCABBC2E-172D-46FD-BC43-5A9FCD295112} = {F99764D6-7D93-4557-8474-EA06D4BD3801}
		{39452ACC-FF12-488D-94B6-301B4EFBB606} = {F99764D6-7D93-4557-8474-EA06D4BD3801}
		{2B98A079-89D3-4970-B0C2-39996636BAE6} = {F99764D6-7D93-4557-8474-EA06D4BD3801}
		{ECC4BA90-6AA5-4630-AEA9-F923FB633C7D} = {F99764D6-7D93-4557-8474-EA06D4BD3801}
		{38D753E1-5341-42E1-94AD-B2C503F1FC37} = {F99764D6-7D93-4557-8474-EA06D4BD3801}
		{0008960E-E0DD-41A6-8265-00B31DDB4C21} = {F99764D6-7D93-4557-8474-EA06D4BD3801}
		{8EEECEE6-A6EC-BC48-8E76-22B87825444B} = {F99764D6-7D93-4557-8474-EA06D4BD3801}
		{35DC1C50-0CDF-4F3A-B847-2D76DE134053} = {F99764D6-7D93-4557-8474-EA06D4BD3801}
		{71C9B848-4138-4D4A-B131-1A42E7AC66B6} = {F99764D6-7D93-4557-8474-EA06D4BD3801}
		{5997CB54-C80C-4422-89AA-81B6ADFA7F86} = {F99764D6-7D93-4557-8474-EA06D4BD3801}
		{E815C46C-36C4-499F-BBC2-E772C6B17971} = {F99764D6-7D93-4557-8474-EA06D4BD3801}
	EndGlobalSection
	GlobalSection(DPCodeReviewSolutionGUID) = preSolution
		DPCodeReviewSolutionGUID = {00000000-0000-0000-0000-000000000000}
	EndGlobalSection
EndGlobal
