Microsoft Visual Studio Solution File, Format Version 10.00
# Visual Studio 2008
Project("{8BC9CEB8-8B4A-11D0-8D11-00A0C91BC942}") = "Client - Core", "..\MTA10\core\_Core 2008.vcproj", "{4C71249E-EA08-4A3D-9AEF-28707ACC6531}"
EndProject
Project("{8BC9CEB8-8B4A-11D0-8D11-00A0C91BC942}") = "Client - Game SA", "..\MTA10\game_sa\_game_sa 2008.vcproj", "{E13D1441-438B-4A03-AB79-5E8EF08EE414}"
EndProject
Project("{8BC9CEB8-8B4A-11D0-8D11-00A0C91BC942}") = "Client - Loader", "..\MTA10\loader\_Loader 2008.vcproj", "{AF2AF376-1ACD-4F3B-B399-2A30D8BE950E}"
EndProject
Project("{8BC9CEB8-8B4A-11D0-8D11-00A0C91BC942}") = "Client - Multiplayer SA", "..\MTA10\multiplayer_sa\_Multiplayer SA 2008.vcproj", "{916D94E2-FB0B-4992-A52C-3698CCBB0A41}"
EndProject
Project("{8BC9CEB8-8B4A-11D0-8D11-00A0C91BC942}") = "Server - Core", "..\MTA10_Server\core\_ServerCore 2008.vcproj", "{0550C84E-8AC6-4C44-9686-241B0BB4BD7D}"
EndProject
Project("{8BC9CEB8-8B4A-11D0-8D11-00A0C91BC942}") = "Client - GUI", "..\MTA10\gui\gui 2008.vcproj", "{485149E1-799C-4925-AA17-0FEA77C85418}"
	ProjectSection(ProjectDependencies) = postProject
		{7582B608-D92F-4FCB-B682-2214B48D1596} = {7582B608-D92F-4FCB-B682-2214B48D1596}
		{04E4A944-225A-4BFB-B7B5-F23AEE884989} = {04E4A944-225A-4BFB-B7B5-F23AEE884989}
		{232B1F48-87C1-4EF9-98A2-CF675BAC7A54} = {232B1F48-87C1-4EF9-98A2-CF675BAC7A54}
	EndProjectSection
EndProject
Project("{8BC9CEB8-8B4A-11D0-8D11-00A0C91BC942}") = "Client - Deathmatch", "..\MTA10\mods\deathmatch\_Deathmatch 2008.vcproj", "{F661CA1A-A296-4505-9583-3BEC58FB79C5}"
EndProject
Project("{8BC9CEB8-8B4A-11D0-8D11-00A0C91BC942}") = "Server - Deathmatch", "..\MTA10_Server\mods\deathmatch\_ServerDeathmatch 2008.vcproj", "{DC99F9D4-7C17-4A36-9F21-CEE075E42292}"
EndProject
Project("{8BC9CEB8-8B4A-11D0-8D11-00A0C91BC942}") = "Server - Launcher", "..\MTA10_Server\launcher\_launcher 2008.vcproj", "{0EAA9107-413A-47C4-B6E7-41B10208FBA1}"
EndProject
Project("{8BC9CEB8-8B4A-11D0-8D11-00A0C91BC942}") = "Shared - XML Module", "XML\_XML 2008.vcproj", "{E28A87BB-7417-4DD7-ADF4-88F918CF055C}"
EndProject
Project("{2150E333-8FDC-42A3-9474-1A3956D46DE8}") = "CEGUI", "CEGUI", "{4C0157CE-9DD9-4729-8CDF-F5B9D2D71D2B}"
EndProject
Project("{8BC9CEB8-8B4A-11D0-8D11-00A0C91BC942}") = "CEGUI - Base", "..\vendor\cegui-0.4.0-custom\makefiles\win32\VC++7.1\BaseSystem\BaseSystem 2008.vcproj", "{232B1F48-87C1-4EF9-98A2-CF675BAC7A54}"
EndProject
Project("{8BC9CEB8-8B4A-11D0-8D11-00A0C91BC942}") = "CEGUI - DirectX9GUIRenderer", "..\vendor\cegui-0.4.0-custom\makefiles\win32\VC++7.1\Renderers\DirectX9Renderer\DirectX9GUIRenderer 2008.vcproj", "{7582B608-D92F-4FCB-B682-2214B48D1596}"
	ProjectSection(ProjectDependencies) = postProject
		{232B1F48-87C1-4EF9-98A2-CF675BAC7A54} = {232B1F48-87C1-4EF9-98A2-CF675BAC7A54}
	EndProjectSection
EndProject
Project("{8BC9CEB8-8B4A-11D0-8D11-00A0C91BC942}") = "CEGUI - FalagardBase", "..\vendor\cegui-0.4.0-custom\makefiles\win32\VC++7.1\WidgetSets\Falagard\Falagard 2008.vcproj", "{04E4A944-225A-4BFB-B7B5-F23AEE884989}"
	ProjectSection(ProjectDependencies) = postProject
		{232B1F48-87C1-4EF9-98A2-CF675BAC7A54} = {232B1F48-87C1-4EF9-98A2-CF675BAC7A54}
	EndProjectSection
EndProject
Project("{8BC9CEB8-8B4A-11D0-8D11-00A0C91BC942}") = "Client - Network", "..\MTA10\net\_Network 2008.vcproj", "{A9DFD2B2-2CD1-444A-B0D2-BD928308E12A}"
EndProject
Project("{8BC9CEB8-8B4A-11D0-8D11-00A0C91BC942}") = "Server - Network", "..\MTA10_Server\net\_ServerNetwork 2008.vcproj", "{990626CA-67A7-420D-B2E2-3F773465A1CA}"
EndProject
Global
	GlobalSection(SolutionConfigurationPlatforms) = preSolution
		Debug|Win32 = Debug|Win32
		Nightly|Win32 = Nightly|Win32
		Release|Win32 = Release|Win32
	EndGlobalSection
	GlobalSection(ProjectConfigurationPlatforms) = postSolution
		{4C71249E-EA08-4A3D-9AEF-28707ACC6531}.Debug|Win32.ActiveCfg = Debug|Win32
		{4C71249E-EA08-4A3D-9AEF-28707ACC6531}.Debug|Win32.Build.0 = Debug|Win32
		{4C71249E-EA08-4A3D-9AEF-28707ACC6531}.Nightly|Win32.ActiveCfg = Nightly|Win32
		{4C71249E-EA08-4A3D-9AEF-28707ACC6531}.Nightly|Win32.Build.0 = Nightly|Win32
		{4C71249E-EA08-4A3D-9AEF-28707ACC6531}.Release|Win32.ActiveCfg = Release|Win32
		{4C71249E-EA08-4A3D-9AEF-28707ACC6531}.Release|Win32.Build.0 = Release|Win32
		{E13D1441-438B-4A03-AB79-5E8EF08EE414}.Debug|Win32.ActiveCfg = Debug|Win32
		{E13D1441-438B-4A03-AB79-5E8EF08EE414}.Debug|Win32.Build.0 = Debug|Win32
		{E13D1441-438B-4A03-AB79-5E8EF08EE414}.Nightly|Win32.ActiveCfg = Nightly|Win32
		{E13D1441-438B-4A03-AB79-5E8EF08EE414}.Nightly|Win32.Build.0 = Nightly|Win32
		{E13D1441-438B-4A03-AB79-5E8EF08EE414}.Release|Win32.ActiveCfg = Release|Win32
		{E13D1441-438B-4A03-AB79-5E8EF08EE414}.Release|Win32.Build.0 = Release|Win32
		{AF2AF376-1ACD-4F3B-B399-2A30D8BE950E}.Debug|Win32.ActiveCfg = Debug|Win32
		{AF2AF376-1ACD-4F3B-B399-2A30D8BE950E}.Debug|Win32.Build.0 = Debug|Win32
		{AF2AF376-1ACD-4F3B-B399-2A30D8BE950E}.Nightly|Win32.ActiveCfg = Nightly|Win32
		{AF2AF376-1ACD-4F3B-B399-2A30D8BE950E}.Nightly|Win32.Build.0 = Nightly|Win32
		{AF2AF376-1ACD-4F3B-B399-2A30D8BE950E}.Release|Win32.ActiveCfg = Release|Win32
		{AF2AF376-1ACD-4F3B-B399-2A30D8BE950E}.Release|Win32.Build.0 = Release|Win32
		{916D94E2-FB0B-4992-A52C-3698CCBB0A41}.Debug|Win32.ActiveCfg = Debug|Win32
		{916D94E2-FB0B-4992-A52C-3698CCBB0A41}.Debug|Win32.Build.0 = Debug|Win32
		{916D94E2-FB0B-4992-A52C-3698CCBB0A41}.Nightly|Win32.ActiveCfg = Nightly|Win32
		{916D94E2-FB0B-4992-A52C-3698CCBB0A41}.Nightly|Win32.Build.0 = Nightly|Win32
		{916D94E2-FB0B-4992-A52C-3698CCBB0A41}.Release|Win32.ActiveCfg = Release|Win32
		{916D94E2-FB0B-4992-A52C-3698CCBB0A41}.Release|Win32.Build.0 = Release|Win32
		{0550C84E-8AC6-4C44-9686-241B0BB4BD7D}.Debug|Win32.ActiveCfg = Debug|Win32
		{0550C84E-8AC6-4C44-9686-241B0BB4BD7D}.Debug|Win32.Build.0 = Debug|Win32
		{0550C84E-8AC6-4C44-9686-241B0BB4BD7D}.Nightly|Win32.ActiveCfg = Nightly|Win32
		{0550C84E-8AC6-4C44-9686-241B0BB4BD7D}.Nightly|Win32.Build.0 = Nightly|Win32
		{0550C84E-8AC6-4C44-9686-241B0BB4BD7D}.Release|Win32.ActiveCfg = Release|Win32
		{0550C84E-8AC6-4C44-9686-241B0BB4BD7D}.Release|Win32.Build.0 = Release|Win32
		{485149E1-799C-4925-AA17-0FEA77C85418}.Debug|Win32.ActiveCfg = Debug|Win32
		{485149E1-799C-4925-AA17-0FEA77C85418}.Debug|Win32.Build.0 = Debug|Win32
		{485149E1-799C-4925-AA17-0FEA77C85418}.Nightly|Win32.ActiveCfg = Nightly|Win32
		{485149E1-799C-4925-AA17-0FEA77C85418}.Nightly|Win32.Build.0 = Nightly|Win32
		{485149E1-799C-4925-AA17-0FEA77C85418}.Release|Win32.ActiveCfg = Release|Win32
		{485149E1-799C-4925-AA17-0FEA77C85418}.Release|Win32.Build.0 = Release|Win32
		{F661CA1A-A296-4505-9583-3BEC58FB79C5}.Debug|Win32.ActiveCfg = Debug|Win32
		{F661CA1A-A296-4505-9583-3BEC58FB79C5}.Debug|Win32.Build.0 = Debug|Win32
		{F661CA1A-A296-4505-9583-3BEC58FB79C5}.Nightly|Win32.ActiveCfg = Nightly|Win32
		{F661CA1A-A296-4505-9583-3BEC58FB79C5}.Nightly|Win32.Build.0 = Nightly|Win32
		{F661CA1A-A296-4505-9583-3BEC58FB79C5}.Release|Win32.ActiveCfg = Release|Win32
		{F661CA1A-A296-4505-9583-3BEC58FB79C5}.Release|Win32.Build.0 = Release|Win32
		{DC99F9D4-7C17-4A36-9F21-CEE075E42292}.Debug|Win32.ActiveCfg = Debug|Win32
		{DC99F9D4-7C17-4A36-9F21-CEE075E42292}.Debug|Win32.Build.0 = Debug|Win32
		{DC99F9D4-7C17-4A36-9F21-CEE075E42292}.Nightly|Win32.ActiveCfg = Nightly|Win32
		{DC99F9D4-7C17-4A36-9F21-CEE075E42292}.Nightly|Win32.Build.0 = Nightly|Win32
		{DC99F9D4-7C17-4A36-9F21-CEE075E42292}.Release|Win32.ActiveCfg = Release|Win32
		{DC99F9D4-7C17-4A36-9F21-CEE075E42292}.Release|Win32.Build.0 = Release|Win32
		{0EAA9107-413A-47C4-B6E7-41B10208FBA1}.Debug|Win32.ActiveCfg = Debug|Win32
		{0EAA9107-413A-47C4-B6E7-41B10208FBA1}.Debug|Win32.Build.0 = Debug|Win32
		{0EAA9107-413A-47C4-B6E7-41B10208FBA1}.Nightly|Win32.ActiveCfg = Nightly|Win32
		{0EAA9107-413A-47C4-B6E7-41B10208FBA1}.Nightly|Win32.Build.0 = Nightly|Win32
		{0EAA9107-413A-47C4-B6E7-41B10208FBA1}.Release|Win32.ActiveCfg = Release|Win32
		{0EAA9107-413A-47C4-B6E7-41B10208FBA1}.Release|Win32.Build.0 = Release|Win32
		{E28A87BB-7417-4DD7-ADF4-88F918CF055C}.Debug|Win32.ActiveCfg = Debug|Win32
		{E28A87BB-7417-4DD7-ADF4-88F918CF055C}.Debug|Win32.Build.0 = Debug|Win32
		{E28A87BB-7417-4DD7-ADF4-88F918CF055C}.Nightly|Win32.ActiveCfg = Nightly|Win32
		{E28A87BB-7417-4DD7-ADF4-88F918CF055C}.Nightly|Win32.Build.0 = Nightly|Win32
		{E28A87BB-7417-4DD7-ADF4-88F918CF055C}.Release|Win32.ActiveCfg = Release|Win32
		{E28A87BB-7417-4DD7-ADF4-88F918CF055C}.Release|Win32.Build.0 = Release|Win32
		{232B1F48-87C1-4EF9-98A2-CF675BAC7A54}.Debug|Win32.ActiveCfg = Debug|Win32
		{232B1F48-87C1-4EF9-98A2-CF675BAC7A54}.Debug|Win32.Build.0 = Debug|Win32
		{232B1F48-87C1-4EF9-98A2-CF675BAC7A54}.Nightly|Win32.ActiveCfg = Nightly|Win32
		{232B1F48-87C1-4EF9-98A2-CF675BAC7A54}.Nightly|Win32.Build.0 = Nightly|Win32
		{232B1F48-87C1-4EF9-98A2-CF675BAC7A54}.Release|Win32.ActiveCfg = Release|Win32
		{232B1F48-87C1-4EF9-98A2-CF675BAC7A54}.Release|Win32.Build.0 = Release|Win32
		{7582B608-D92F-4FCB-B682-2214B48D1596}.Debug|Win32.ActiveCfg = Debug|Win32
		{7582B608-D92F-4FCB-B682-2214B48D1596}.Debug|Win32.Build.0 = Debug|Win32
		{7582B608-D92F-4FCB-B682-2214B48D1596}.Nightly|Win32.ActiveCfg = Nightly|Win32
		{7582B608-D92F-4FCB-B682-2214B48D1596}.Nightly|Win32.Build.0 = Nightly|Win32
		{7582B608-D92F-4FCB-B682-2214B48D1596}.Release|Win32.ActiveCfg = Release|Win32
		{7582B608-D92F-4FCB-B682-2214B48D1596}.Release|Win32.Build.0 = Release|Win32
		{04E4A944-225A-4BFB-B7B5-F23AEE884989}.Debug|Win32.ActiveCfg = Debug|Win32
		{04E4A944-225A-4BFB-B7B5-F23AEE884989}.Debug|Win32.Build.0 = Debug|Win32
		{04E4A944-225A-4BFB-B7B5-F23AEE884989}.Nightly|Win32.ActiveCfg = Nightly|Win32
		{04E4A944-225A-4BFB-B7B5-F23AEE884989}.Nightly|Win32.Build.0 = Nightly|Win32
		{04E4A944-225A-4BFB-B7B5-F23AEE884989}.Release|Win32.ActiveCfg = Release|Win32
		{04E4A944-225A-4BFB-B7B5-F23AEE884989}.Release|Win32.Build.0 = Release|Win32
		{A9DFD2B2-2CD1-444A-B0D2-BD928308E12A}.Debug|Win32.ActiveCfg = Debug|Win32
		{A9DFD2B2-2CD1-444A-B0D2-BD928308E12A}.Debug|Win32.Build.0 = Debug|Win32
		{A9DFD2B2-2CD1-444A-B0D2-BD928308E12A}.Nightly|Win32.ActiveCfg = Nightly|Win32
		{A9DFD2B2-2CD1-444A-B0D2-BD928308E12A}.Nightly|Win32.Build.0 = Nightly|Win32
		{A9DFD2B2-2CD1-444A-B0D2-BD928308E12A}.Release|Win32.ActiveCfg = Release|Win32
		{A9DFD2B2-2CD1-444A-B0D2-BD928308E12A}.Release|Win32.Build.0 = Release|Win32
		{990626CA-67A7-420D-B2E2-3F773465A1CA}.Debug|Win32.ActiveCfg = Debug|Win32
		{990626CA-67A7-420D-B2E2-3F773465A1CA}.Debug|Win32.Build.0 = Debug|Win32
		{990626CA-67A7-420D-B2E2-3F773465A1CA}.Nightly|Win32.ActiveCfg = Nightly|Win32
		{990626CA-67A7-420D-B2E2-3F773465A1CA}.Nightly|Win32.Build.0 = Nightly|Win32
		{990626CA-67A7-420D-B2E2-3F773465A1CA}.Release|Win32.ActiveCfg = Release|Win32
		{990626CA-67A7-420D-B2E2-3F773465A1CA}.Release|Win32.Build.0 = Release|Win32
	EndGlobalSection
	GlobalSection(SolutionProperties) = preSolution
		HideSolutionNode = FALSE
	EndGlobalSection
	GlobalSection(NestedProjects) = preSolution
		{232B1F48-87C1-4EF9-98A2-CF675BAC7A54} = {4C0157CE-9DD9-4729-8CDF-F5B9D2D71D2B}
		{7582B608-D92F-4FCB-B682-2214B48D1596} = {4C0157CE-9DD9-4729-8CDF-F5B9D2D71D2B}
		{04E4A944-225A-4BFB-B7B5-F23AEE884989} = {4C0157CE-9DD9-4729-8CDF-F5B9D2D71D2B}
	EndGlobalSection
	GlobalSection(DPCodeReviewSolutionGUID) = preSolution
		DPCodeReviewSolutionGUID = {00000000-0000-0000-0000-000000000000}
	EndGlobalSection
EndGlobal
