<?xml version="1.0" encoding="utf-8"?>
<Project ToolsVersion="4.0" xmlns="http://schemas.microsoft.com/developer/msbuild/2003">
  <ItemGroup>
    <Filter Include="Source Files">
      <UniqueIdentifier>{8bdc55e7-34da-4994-825a-1fd7a34e5455}</UniqueIdentifier>
      <Extensions>cpp;c;cxx;rc;def;r;odl;idl;hpj;bat</Extensions>
    </Filter>
    <Filter Include="Source Files\tinyxml">
      <UniqueIdentifier>{ba6431d3-0563-4003-a4de-eb9cc9b27472}</UniqueIdentifier>
    </Filter>
    <Filter Include="Header Files">
      <UniqueIdentifier>{a52f2c55-e716-4030-b195-ce7788584029}</UniqueIdentifier>
      <Extensions>h;hpp;hxx;hm;inl</Extensions>
    </Filter>
    <Filter Include="Header Files\tinyxml">
      <UniqueIdentifier>{8f61fc8b-6391-4391-9e03-7c8e04d26341}</UniqueIdentifier>
    </Filter>
    <Filter Include="Header Files\sdk">
      <UniqueIdentifier>{c83bfb58-9364-42ed-8ede-b5bb3f2953f6}</UniqueIdentifier>
    </Filter>
  </ItemGroup>
  <ItemGroup>
    <ClCompile Include="CXMLArray.cpp">
      <Filter>Source Files</Filter>
    </ClCompile>
    <ClCompile Include="CXMLAttributeImpl.cpp">
      <Filter>Source Files</Filter>
    </ClCompile>
    <ClCompile Include="CXMLAttributesImpl.cpp">
      <Filter>Source Files</Filter>
    </ClCompile>
    <ClCompile Include="CXMLFileImpl.cpp">
      <Filter>Source Files</Filter>
    </ClCompile>
    <ClCompile Include="CXMLImpl.cpp">
      <Filter>Source Files</Filter>
    </ClCompile>
    <ClCompile Include="CXMLNodeImpl.cpp">
      <Filter>Source Files</Filter>
    </ClCompile>
    <ClCompile Include="StdInc.cpp">
      <Filter>Source Files</Filter>
    </ClCompile>
    <ClCompile Include="XML.cpp">
      <Filter>Source Files</Filter>
    </ClCompile>
    <ClCompile Include="..\..\vendor\tinyxml\tinystr.cpp">
      <Filter>Source Files\tinyxml</Filter>
    </ClCompile>
    <ClCompile Include="..\..\vendor\tinyxml\tinyxml.cpp">
      <Filter>Source Files\tinyxml</Filter>
    </ClCompile>
    <ClCompile Include="..\..\vendor\tinyxml\tinyxmlerror.cpp">
      <Filter>Source Files\tinyxml</Filter>
    </ClCompile>
    <ClCompile Include="..\..\vendor\tinyxml\tinyxmlparser.cpp">
      <Filter>Source Files\tinyxml</Filter>
    </ClCompile>
  </ItemGroup>
  <ItemGroup>
    <ClInclude Include="CXMLArray.h">
      <Filter>Header Files</Filter>
    </ClInclude>
    <ClInclude Include="CXMLAttributeImpl.h">
      <Filter>Header Files</Filter>
    </ClInclude>
    <ClInclude Include="CXMLAttributesImpl.h">
      <Filter>Header Files</Filter>
    </ClInclude>
    <ClInclude Include="CXMLFileImpl.h">
      <Filter>Header Files</Filter>
    </ClInclude>
    <ClInclude Include="CXMLImpl.h">
      <Filter>Header Files</Filter>
    </ClInclude>
    <ClInclude Include="CXMLNodeImpl.h">
      <Filter>Header Files</Filter>
    </ClInclude>
    <ClInclude Include="StdInc.h">
      <Filter>Header Files</Filter>
    </ClInclude>
    <ClInclude Include="..\..\vendor\tinyxml\tinystr.h">
      <Filter>Header Files\tinyxml</Filter>
    </ClInclude>
    <ClInclude Include="..\..\vendor\tinyxml\tinyxml.h">
      <Filter>Header Files\tinyxml</Filter>
    </ClInclude>
    <ClInclude Include="..\sdk\xml\CXML.h">
      <Filter>Header Files\sdk</Filter>
    </ClInclude>
    <ClInclude Include="..\sdk\xml\CXMLAttribute.h">
      <Filter>Header Files\sdk</Filter>
    </ClInclude>
    <ClInclude Include="..\sdk\xml\CXMLAttributes.h">
      <Filter>Header Files\sdk</Filter>
    </ClInclude>
    <ClInclude Include="..\sdk\xml\CXMLCommon.h">
      <Filter>Header Files\sdk</Filter>
    </ClInclude>
    <ClInclude Include="..\sdk\xml\CXMLErrorCodes.h">
      <Filter>Header Files\sdk</Filter>
    </ClInclude>
    <ClInclude Include="..\sdk\xml\CXMLFile.h">
      <Filter>Header Files\sdk</Filter>
    </ClInclude>
    <ClInclude Include="..\sdk\xml\CXMLNode.h">
      <Filter>Header Files\sdk</Filter>
    </ClInclude>
  </ItemGroup>
</Project>