
Microsoft Visual Studio Solution File, Format Version 9.00
# Visual Studio 2005
Project("{8BC9CEB8-8B4A-11D0-8D11-00A0C91BC942}") = "_ServerDeathmatch 2005", "_ServerDeathmatch 2005.vcproj", "{DC99F9D4-7C17-4A36-9F21-CEE075E42292}"
EndProject
Global
	GlobalSection(SolutionConfigurationPlatforms) = preSolution
		Debug|Win32 = Debug|Win32
		Nightly|Win32 = Nightly|Win32
		Release|Win32 = Release|Win32
	EndGlobalSection
	GlobalSection(ProjectConfigurationPlatforms) = postSolution
		{DC99F9D4-7C17-4A36-9F21-CEE075E42292}.Debug|Win32.ActiveCfg = Debug|Win32
		{DC99F9D4-7C17-4A36-9F21-CEE075E42292}.Debug|Win32.Build.0 = Debug|Win32
		{DC99F9D4-7C17-4A36-9F21-CEE075E42292}.Nightly|Win32.ActiveCfg = Nightly|Win32
		{DC99F9D4-7C17-4A36-9F21-CEE075E42292}.Nightly|Win32.Build.0 = Nightly|Win32
		{DC99F9D4-7C17-4A36-9F21-CEE075E42292}.Release|Win32.ActiveCfg = Release|Win32
		{DC99F9D4-7C17-4A36-9F21-CEE075E42292}.Release|Win32.Build.0 = Release|Win32
	EndGlobalSection
	GlobalSection(SolutionProperties) = preSolution
		HideSolutionNode = FALSE
	EndGlobalSection
EndGlobal
