Microsoft Visual Studio Solution File, Format Version 8.00
Project("{8BC9CEB8-8B4A-11D0-8D11-00A0C91BC942}") = "Server - Launcher", "_launcher.vcproj", "{0EAA9107-413A-47C4-B6E7-41B10208FBA1}"
	ProjectSection(ProjectDependencies) = postProject
	EndProjectSection
EndProject
Global
	GlobalSection(SolutionConfiguration) = preSolution
		Debug = Debug
		Nightly = Nightly
		Release = Release
	EndGlobalSection
	GlobalSection(ProjectConfiguration) = postSolution
		{0EAA9107-413A-47C4-B6E7-41B10208FBA1}.Debug.ActiveCfg = Debug|Win32
		{0EAA9107-413A-47C4-B6E7-41B10208FBA1}.Debug.Build.0 = Debug|Win32
		{0EAA9107-413A-47C4-B6E7-41B10208FBA1}.Nightly.ActiveCfg = Nightly|Win32
		{0EAA9107-413A-47C4-B6E7-41B10208FBA1}.Nightly.Build.0 = Nightly|Win32
		{0EAA9107-413A-47C4-B6E7-41B10208FBA1}.Release.ActiveCfg = Release|Win32
		{0EAA9107-413A-47C4-B6E7-41B10208FBA1}.Release.Build.0 = Release|Win32
	EndGlobalSection
	GlobalSection(ExtensibilityGlobals) = postSolution
	EndGlobalSection
	GlobalSection(ExtensibilityAddIns) = postSolution
	EndGlobalSection
EndGlobal
