<?xml version="1.0" encoding="utf-8"?>
<Project ToolsVersion="4.0" xmlns="http://schemas.microsoft.com/developer/msbuild/2003">
  <ItemGroup>
    <Filter Include="Source Files">
      <UniqueIdentifier>{2697bae1-84b4-44e5-9abf-4c9a4c147296}</UniqueIdentifier>
      <Extensions>cpp;c;cxx;rc;def;r;odl;idl;hpj;bat</Extensions>
    </Filter>
    <Filter Include="Header Files">
      <UniqueIdentifier>{04d085a1-d990-4c97-a762-ac4eb1a309d8}</UniqueIdentifier>
      <Extensions>h;hpp;hxx;hm;inl</Extensions>
    </Filter>
    <Filter Include="Resource Files">
      <UniqueIdentifier>{55b25b6e-e666-45b9-ab2f-6875f9e52b90}</UniqueIdentifier>
      <Extensions>ico;cur;bmp;dlg;rc2;rct;bin;rgs;gif;jpg;jpeg;jpe</Extensions>
    </Filter>
  </ItemGroup>
  <ItemGroup>
    <ClCompile Include="CExePatchedStatus.cpp">
      <Filter>Source Files</Filter>
    </ClCompile>
    <ClCompile Include="CInstallManager.cpp">
      <Filter>Source Files</Filter>
    </ClCompile>
    <ClCompile Include="D3DStuff.cpp">
      <Filter>Source Files</Filter>
    </ClCompile>
    <ClCompile Include="Dialogs.cpp">
      <Filter>Source Files</Filter>
    </ClCompile>
    <ClCompile Include="Install.cpp">
      <Filter>Source Files</Filter>
    </ClCompile>
    <ClCompile Include="Main.cpp">
      <Filter>Source Files</Filter>
    </ClCompile>
    <ClCompile Include="MainFunctions.cpp">
      <Filter>Source Files</Filter>
    </ClCompile>
    <ClCompile Include="StdInc.cpp">
      <Filter>Source Files</Filter>
    </ClCompile>
    <ClCompile Include="Utils.cpp">
      <Filter>Source Files</Filter>
    </ClCompile>
  </ItemGroup>
  <ItemGroup>
    <ClInclude Include="CExePatchedStatus.h">
      <Filter>Header Files</Filter>
    </ClInclude>
    <ClInclude Include="CInstallManager.h">
      <Filter>Header Files</Filter>
    </ClInclude>
    <ClInclude Include="CSequencer.h">
      <Filter>Header Files</Filter>
    </ClInclude>
    <ClInclude Include="D3DStuff.h">
      <Filter>Header Files</Filter>
    </ClInclude>
    <ClInclude Include="Dialogs.h">
      <Filter>Header Files</Filter>
    </ClInclude>
    <ClInclude Include="Install.h">
      <Filter>Header Files</Filter>
    </ClInclude>
    <ClInclude Include="Main.h">
      <Filter>Header Files</Filter>
    </ClInclude>
    <ClInclude Include="MainFunctions.h">
      <Filter>Header Files</Filter>
    </ClInclude>
    <ClInclude Include="resource.h">
      <Filter>Header Files</Filter>
    </ClInclude>
    <ClInclude Include="StdInc.h">
      <Filter>Header Files</Filter>
    </ClInclude>
    <ClInclude Include="Utils.h">
      <Filter>Header Files</Filter>
    </ClInclude>
  </ItemGroup>
  <ItemGroup>
    <ResourceCompile Include="loader.rc">
      <Filter>Resource Files</Filter>
    </ResourceCompile>
  </ItemGroup>
  <ItemGroup>
    <Image Include="resource\splash.bmp">
      <Filter>Resource Files</Filter>
    </Image>
  </ItemGroup>
</Project>